
Microsoft Visual Studio Solution File, Format Version 12.00
# Visual Studio Version 16
VisualStudioVersion = 16.0.33027.164
MinimumVisualStudioVersion = 10.0.40219.1
Project("{FAE04EC0-301F-11D3-BF4B-00C04F79EFBC}") = "Payroll Management System", "Payroll Management System\Payroll Management System.csproj", "{72C2F4C8-B959-46F6-A271-3A1AE9581056}"
EndProject
Global
	GlobalSection(SolutionConfigurationPlatforms) = preSolution
		Debug|Any CPU = Debug|Any CPU
		Release|Any CPU = Release|Any CPU
	EndGlobalSection
	GlobalSection(ProjectConfigurationPlatforms) = postSolution
		{72C2F4C8-B959-46F6-A271-3A1AE9581056}.Debug|Any CPU.ActiveCfg = Debug|Any CPU
		{72C2F4C8-B959-46F6-A271-3A1AE9581056}.Debug|Any CPU.Build.0 = Debug|Any CPU
		{72C2F4C8-B959-46F6-A271-3A1AE9581056}.Release|Any CPU.ActiveCfg = Release|Any CPU
		{72C2F4C8-B959-46F6-A271-3A1AE9581056}.Release|Any CPU.Build.0 = Release|Any CPU
	EndGlobalSection
	GlobalSection(SolutionProperties) = preSolution
		HideSolutionNode = FALSE
	EndGlobalSection
	GlobalSection(ExtensibilityGlobals) = postSolution
		SolutionGuid = {D07667D5-0824-4131-8889-A3152904059D}
	EndGlobalSection
EndGlobal
